{
  "name": "wiseowl_hw_thaweeporn-26-03-2022",
  "lockfileVersion": 2,
  "requires": true,
  "packages": {
    "": {
      "dependencies": {
        "vue-json-csv": "^1.2.12",
        "vue-json-to-csv": "^1.1.8"
      }
    },
    "node_modules/file-saver": {
      "version": "2.0.5",
      "resolved": "https://registry.npmjs.org/file-saver/-/file-saver-2.0.5.tgz",
      "integrity": "sha512-P9bmyZ3h/PRG+Nzga+rbdI4OEpNDzAVyy74uVO9ATgzLK6VtAsYybF/+TOCvrc0MO793d6+42lLyZTw7/ArVzA=="
    },
    "node_modules/lodash.mapkeys": {
      "version": "4.6.0",
      "resolved": "https://registry.npmjs.org/lodash.mapkeys/-/lodash.mapkeys-4.6.0.tgz",
      "integrity": "sha1-3yz6Ix18V8eorQA6va1dc9PqUZU="
    },
    "node_modules/lodash.pick": {
      "version": "4.4.0",
      "resolved": "https://registry.npmjs.org/lodash.pick/-/lodash.pick-4.4.0.tgz",
      "integrity": "sha1-UvBWEP/53tQiYRRB7R/BI6AwAbM="
    },
    "node_modules/lodash.pickby": {
      "version": "4.6.0",
      "resolved": "https://registry.npmjs.org/lodash.pickby/-/lodash.pickby-4.6.0.tgz",
      "integrity": "sha1-feoh2MGNdwOifHBMFdO4SmfjOv8="
    },
    "node_modules/papaparse": {
      "version": "5.3.2",
      "resolved": "https://registry.npmjs.org/papaparse/-/papaparse-5.3.2.tgz",
      "integrity": "sha512-6dNZu0Ki+gyV0eBsFKJhYr+MdQYAzFUGlBMNj3GNrmHxmz1lfRa24CjFObPXtjcetlOv5Ad299MhIK0znp3afw=="
    },
    "node_modules/vue": {
      "version": "2.6.14",
      "resolved": "https://registry.npmjs.org/vue/-/vue-2.6.14.tgz",
      "integrity": "sha512-x2284lgYvjOMj3Za7kqzRcUSxBboHqtgRE2zlos1qWaOye5yUmHn42LB1250NJBLRwEcdrB0JRwyPTEPhfQjiQ=="
    },
    "node_modules/vue-json-csv": {
      "version": "1.2.12",
      "resolved": "https://registry.npmjs.org/vue-json-csv/-/vue-json-csv-1.2.12.tgz",
      "integrity": "sha512-TVgEmTZyzQx87OKZXA0gDSj24YL54Zs+eaHVClbr2W7uCbQTjWw0Qu9ScbHS02TXjJI5azJ0t2h/2sP58uMcjQ==",
      "dependencies": {
        "file-saver": "^2.0.5",
        "lodash.mapkeys": "^4.6.0",
        "lodash.pick": "^4.4.0",
        "lodash.pickby": "^4.6.0",
        "papaparse": "^5.3.0",
        "vue": "^2.6.12"
      }
    },
    "node_modules/vue-json-to-csv": {
      "version": "1.1.8",
      "resolved": "https://registry.npmjs.org/vue-json-to-csv/-/vue-json-to-csv-1.1.8.tgz",
      "integrity": "sha512-xdV2cUyLQYPnG6ChjLJn3+PYnP8zxZG5u6QtFjAMzcsUtGvLFrTvMN4XnD/he4M67Y14nXE0i/20xeyaVfhylQ=="
    }
  },
  "dependencies": {
    "file-saver": {
      "version": "2.0.5",
      "resolved": "https://registry.npmjs.org/file-saver/-/file-saver-2.0.5.tgz",
      "integrity": "sha512-P9bmyZ3h/PRG+Nzga+rbdI4OEpNDzAVyy74uVO9ATgzLK6VtAsYybF/+TOCvrc0MO793d6+42lLyZTw7/ArVzA=="
    },
    "lodash.mapkeys": {
      "version": "4.6.0",
      "resolved": "https://registry.npmjs.org/lodash.mapkeys/-/lodash.mapkeys-4.6.0.tgz",
      "integrity": "sha1-3yz6Ix18V8eorQA6va1dc9PqUZU="
    },
    "lodash.pick": {
      "version": "4.4.0",
      "resolved": "https://registry.npmjs.org/lodash.pick/-/lodash.pick-4.4.0.tgz",
      "integrity": "sha1-UvBWEP/53tQiYRRB7R/BI6AwAbM="
    },
    "lodash.pickby": {
      "version": "4.6.0",
      "resolved": "https://registry.npmjs.org/lodash.pickby/-/lodash.pickby-4.6.0.tgz",
      "integrity": "sha1-feoh2MGNdwOifHBMFdO4SmfjOv8="
    },
    "papaparse": {
      "version": "5.3.2",
      "resolved": "https://registry.npmjs.org/papaparse/-/papaparse-5.3.2.tgz",
      "integrity": "sha512-6dNZu0Ki+gyV0eBsFKJhYr+MdQYAzFUGlBMNj3GNrmHxmz1lfRa24CjFObPXtjcetlOv5Ad299MhIK0znp3afw=="
    },
    "vue": {
      "version": "2.6.14",
      "resolved": "https://registry.npmjs.org/vue/-/vue-2.6.14.tgz",
      "integrity": "sha512-x2284lgYvjOMj3Za7kqzRcUSxBboHqtgRE2zlos1qWaOye5yUmHn42LB1250NJBLRwEcdrB0JRwyPTEPhfQjiQ=="
    },
    "vue-json-csv": {
      "version": "1.2.12",
      "resolved": "https://registry.npmjs.org/vue-json-csv/-/vue-json-csv-1.2.12.tgz",
      "integrity": "sha512-TVgEmTZyzQx87OKZXA0gDSj24YL54Zs+eaHVClbr2W7uCbQTjWw0Qu9ScbHS02TXjJI5azJ0t2h/2sP58uMcjQ==",
      "requires": {
        "file-saver": "^2.0.5",
        "lodash.mapkeys": "^4.6.0",
        "lodash.pick": "^4.4.0",
        "lodash.pickby": "^4.6.0",
        "papaparse": "^5.3.0",
        "vue": "^2.6.12"
      }
    },
    "vue-json-to-csv": {
      "version": "1.1.8",
      "resolved": "https://registry.npmjs.org/vue-json-to-csv/-/vue-json-to-csv-1.1.8.tgz",
      "integrity": "sha512-xdV2cUyLQYPnG6ChjLJn3+PYnP8zxZG5u6QtFjAMzcsUtGvLFrTvMN4XnD/he4M67Y14nXE0i/20xeyaVfhylQ=="
    }
  }
}
